
Microsoft Visual Studio Solution File, Format Version 12.00
# Visual Studio 2012
Project("{FAE04EC0-301F-11D3-BF4B-00C04F79EFBC}") = "MemorizeIt", "MemorizeIt\MemorizeIt.csproj", "{7F3D6881-B625-4FB9-BD12-F122100EF6FA}"
EndProject
Project("{FAE04EC0-301F-11D3-BF4B-00C04F79EFBC}") = "MemorizeIt.Tests", "MemorizeIt.Tests\MemorizeIt.Tests.csproj", "{97564335-07F3-4A92-873E-FADDD85C351F}"
EndProject
Project("{FAE04EC0-301F-11D3-BF4B-00C04F79EFBC}") = "GoogleMemorySupplier", "GoogleMemorySupplier\GoogleMemorySupplier.csproj", "{4D1C2E27-24E4-4077-863B-072CF012492A}"
EndProject
Project("{FAE04EC0-301F-11D3-BF4B-00C04F79EFBC}") = "GoogleMemorySupplierTests", "GoogleMemorySupplierTests\GoogleMemorySupplierTests.csproj", "{9D9265F7-ADE9-4F74-927D-1511EA43E209}"
EndProject
Project("{FAE04EC0-301F-11D3-BF4B-00C04F79EFBC}") = "MemorizeIt.Droid", "MemorizeIt.Droid\MemorizeIt.Droid.csproj", "{357A7A5A-1672-4E38-86A4-A4B43EED5A49}"
EndProject
Project("{FAE04EC0-301F-11D3-BF4B-00C04F79EFBC}") = "FileMemoryStorage", "FileMemoryStorage\FileMemoryStorage.csproj", "{AC3CE6DA-0BFE-41AB-9510-0B11B359AEBC}"
EndProject
Global
	GlobalSection(SolutionConfigurationPlatforms) = preSolution
		Debug|Any CPU = Debug|Any CPU
		Release|Any CPU = Release|Any CPU
	EndGlobalSection
	GlobalSection(ProjectConfigurationPlatforms) = postSolution
		{7F3D6881-B625-4FB9-BD12-F122100EF6FA}.Debug|Any CPU.ActiveCfg = Debug|Any CPU
		{7F3D6881-B625-4FB9-BD12-F122100EF6FA}.Debug|Any CPU.Build.0 = Debug|Any CPU
		{7F3D6881-B625-4FB9-BD12-F122100EF6FA}.Release|Any CPU.ActiveCfg = Release|Any CPU
		{7F3D6881-B625-4FB9-BD12-F122100EF6FA}.Release|Any CPU.Build.0 = Release|Any CPU
		{97564335-07F3-4A92-873E-FADDD85C351F}.Debug|Any CPU.ActiveCfg = Debug|Any CPU
		{97564335-07F3-4A92-873E-FADDD85C351F}.Debug|Any CPU.Build.0 = Debug|Any CPU
		{97564335-07F3-4A92-873E-FADDD85C351F}.Release|Any CPU.ActiveCfg = Release|Any CPU
		{97564335-07F3-4A92-873E-FADDD85C351F}.Release|Any CPU.Build.0 = Release|Any CPU
		{4D1C2E27-24E4-4077-863B-072CF012492A}.Debug|Any CPU.ActiveCfg = Debug|Any CPU
		{4D1C2E27-24E4-4077-863B-072CF012492A}.Debug|Any CPU.Build.0 = Debug|Any CPU
		{4D1C2E27-24E4-4077-863B-072CF012492A}.Release|Any CPU.ActiveCfg = Release|Any CPU
		{4D1C2E27-24E4-4077-863B-072CF012492A}.Release|Any CPU.Build.0 = Release|Any CPU
		{9D9265F7-ADE9-4F74-927D-1511EA43E209}.Debug|Any CPU.ActiveCfg = Debug|Any CPU
		{9D9265F7-ADE9-4F74-927D-1511EA43E209}.Debug|Any CPU.Build.0 = Debug|Any CPU
		{9D9265F7-ADE9-4F74-927D-1511EA43E209}.Release|Any CPU.ActiveCfg = Release|Any CPU
		{9D9265F7-ADE9-4F74-927D-1511EA43E209}.Release|Any CPU.Build.0 = Release|Any CPU
		{357A7A5A-1672-4E38-86A4-A4B43EED5A49}.Debug|Any CPU.ActiveCfg = Debug|Any CPU
		{357A7A5A-1672-4E38-86A4-A4B43EED5A49}.Debug|Any CPU.Build.0 = Debug|Any CPU
		{357A7A5A-1672-4E38-86A4-A4B43EED5A49}.Debug|Any CPU.Deploy.0 = Debug|Any CPU
		{357A7A5A-1672-4E38-86A4-A4B43EED5A49}.Release|Any CPU.ActiveCfg = Release|Any CPU
		{357A7A5A-1672-4E38-86A4-A4B43EED5A49}.Release|Any CPU.Build.0 = Release|Any CPU
		{357A7A5A-1672-4E38-86A4-A4B43EED5A49}.Release|Any CPU.Deploy.0 = Release|Any CPU
		{AC3CE6DA-0BFE-41AB-9510-0B11B359AEBC}.Debug|Any CPU.ActiveCfg = Debug|Any CPU
		{AC3CE6DA-0BFE-41AB-9510-0B11B359AEBC}.Debug|Any CPU.Build.0 = Debug|Any CPU
		{AC3CE6DA-0BFE-41AB-9510-0B11B359AEBC}.Release|Any CPU.ActiveCfg = Release|Any CPU
		{AC3CE6DA-0BFE-41AB-9510-0B11B359AEBC}.Release|Any CPU.Build.0 = Release|Any CPU
	EndGlobalSection
	GlobalSection(SolutionProperties) = preSolution
		HideSolutionNode = FALSE
	EndGlobalSection
EndGlobal
